
Microsoft Visual Studio Solution File, Format Version 12.00
# Visual Studio 2013
VisualStudioVersion = 12.0.31101.0
MinimumVisualStudioVersion = 10.0.40219.1
Project("{FAE04EC0-301F-11D3-BF4B-00C04F79EFBC}") = "Berberim.UI", "Berberim.UI\Berberim.UI.csproj", "{836F898F-0603-4305-AD6E-E15B159DBC96}"
EndProject
Project("{FAE04EC0-301F-11D3-BF4B-00C04F79EFBC}") = "Berberim.Data", "Berberim.Data\Berberim.Data.csproj", "{01DD084C-A16E-40C7-BE67-CB69A63FF12E}"
EndProject
Project("{FAE04EC0-301F-11D3-BF4B-00C04F79EFBC}") = "Berberim.Biz", "Berberim.Biz\Berberim.Biz.csproj", "{FA7BA6AD-25C3-4148-8EDE-3A70B4EAAC84}"
EndProject
Global
	GlobalSection(SolutionConfigurationPlatforms) = preSolution
		Debug|Any CPU = Debug|Any CPU
		Release|Any CPU = Release|Any CPU
	EndGlobalSection
	GlobalSection(ProjectConfigurationPlatforms) = postSolution
		{836F898F-0603-4305-AD6E-E15B159DBC96}.Debug|Any CPU.ActiveCfg = Debug|Any CPU
		{836F898F-0603-4305-AD6E-E15B159DBC96}.Debug|Any CPU.Build.0 = Debug|Any CPU
		{836F898F-0603-4305-AD6E-E15B159DBC96}.Release|Any CPU.ActiveCfg = Release|Any CPU
		{836F898F-0603-4305-AD6E-E15B159DBC96}.Release|Any CPU.Build.0 = Release|Any CPU
		{01DD084C-A16E-40C7-BE67-CB69A63FF12E}.Debug|Any CPU.ActiveCfg = Debug|Any CPU
		{01DD084C-A16E-40C7-BE67-CB69A63FF12E}.Debug|Any CPU.Build.0 = Debug|Any CPU
		{01DD084C-A16E-40C7-BE67-CB69A63FF12E}.Release|Any CPU.ActiveCfg = Release|Any CPU
		{01DD084C-A16E-40C7-BE67-CB69A63FF12E}.Release|Any CPU.Build.0 = Release|Any CPU
		{FA7BA6AD-25C3-4148-8EDE-3A70B4EAAC84}.Debug|Any CPU.ActiveCfg = Debug|Any CPU
		{FA7BA6AD-25C3-4148-8EDE-3A70B4EAAC84}.Debug|Any CPU.Build.0 = Debug|Any CPU
		{FA7BA6AD-25C3-4148-8EDE-3A70B4EAAC84}.Release|Any CPU.ActiveCfg = Release|Any CPU
		{FA7BA6AD-25C3-4148-8EDE-3A70B4EAAC84}.Release|Any CPU.Build.0 = Release|Any CPU
	EndGlobalSection
	GlobalSection(SolutionProperties) = preSolution
		HideSolutionNode = FALSE
	EndGlobalSection
EndGlobal
